
Microsoft Visual Studio Solution File, Format Version 12.00
# Visual Studio 15
VisualStudioVersion = 15.0.27004.2009
MinimumVisualStudioVersion = 10.0.40219.1
Project("{FAE04EC0-301F-11D3-BF4B-00C04F79EFBC}") = "BattleShip", "BattleShip\BattleShip.csproj", "{C21B4FDA-0C66-424B-B939-BE28FDDDE4F2}"
EndProject
Global
	GlobalSection(SolutionConfigurationPlatforms) = preSolution
		Debug|x86 = Debug|x86
		Release|x86 = Release|x86
	EndGlobalSection
	GlobalSection(ProjectConfigurationPlatforms) = postSolution
		{C21B4FDA-0C66-424B-B939-BE28FDDDE4F2}.Debug|x86.ActiveCfg = Debug|x86
		{C21B4FDA-0C66-424B-B939-BE28FDDDE4F2}.Debug|x86.Build.0 = Debug|x86
		{C21B4FDA-0C66-424B-B939-BE28FDDDE4F2}.Release|x86.ActiveCfg = Release|x86
		{C21B4FDA-0C66-424B-B939-BE28FDDDE4F2}.Release|x86.Build.0 = Release|x86
	EndGlobalSection
	GlobalSection(SolutionProperties) = preSolution
		HideSolutionNode = FALSE
	EndGlobalSection
	GlobalSection(ExtensibilityGlobals) = postSolution
		SolutionGuid = {E1148A01-BA4E-4FE0-B544-5E0E7FB4A623}
	EndGlobalSection
EndGlobal
